dependencies:
  espressif/led_strip:
    component_hash: fc66f8544851132555bc668475f7b68acd6a211c8075db5ce1951cbfa27dfb88
    source:
      type: service
    version: 2.5.4
  idf:
    component_hash: null
    source:
      type: idf
    version: 5.2.2
manifest_hash: a00ecbc33cd4161d25ab98c35f89b99fc070b7124c4ee8acda57aae53b9270ba
target: esp32s3
version: 1.0.0
